
Microsoft Visual Studio Solution File, Format Version 12.00
# Visual Studio Version 17
VisualStudioVersion = 17.0.32126.317
MinimumVisualStudioVersion = 10.0.40219.1
Project("{2150E333-8FDC-42A3-9474-1A3956D46DE8}") = "Solution Items", "Solution Items", "{DBC01793-713A-45E9-9906-0AD284BAE2A9}"
EndProject
Project("{2150E333-8FDC-42A3-9474-1A3956D46DE8}") = "src", "src", "{7D608EB8-5682-4D8F-8D22-911E13A0724C}"
EndProject
Project("{2150E333-8FDC-42A3-9474-1A3956D46DE8}") = "ApiGateways", "ApiGateways", "{2FB01834-3821-4F4F-8ABE-193DB20FAAC6}"
EndProject
Project("{2150E333-8FDC-42A3-9474-1A3956D46DE8}") = "BuildingBlokcs", "BuildingBlokcs", "{2AFD598E-FA49-44C9-907F-48B877B42141}"
EndProject
Project("{2150E333-8FDC-42A3-9474-1A3956D46DE8}") = "Clients", "Clients", "{8B158933-935D-4D68-A886-D13FAF957FEC}"
EndProject
Project("{2150E333-8FDC-42A3-9474-1A3956D46DE8}") = "Services", "Services", "{46486621-CFC0-46BF-B850-DD2C0EBC46CA}"
EndProject
Project("{2150E333-8FDC-42A3-9474-1A3956D46DE8}") = "WebApiGateway", "WebApiGateway", "{90AFE3C9-D217-4921-8856-EB7DDF9E72CA}"
EndProject
Project("{9A19103F-16F7-4668-BE54-9A1E7A4F7556}") = "WebApiGateway", "src\ApiGatewats\WebApiGateway\WebApiGateway\WebApiGateway.csproj", "{1A541A96-C6B4-4B52-A3B1-9C26EFDEA28F}"
EndProject
Project("{2150E333-8FDC-42A3-9474-1A3956D46DE8}") = "EventBus", "EventBus", "{4A33CC84-C82B-4C5D-A1D4-FB90FEE38EAD}"
EndProject
Project("{9A19103F-16F7-4668-BE54-9A1E7A4F7556}") = "EventBus.Base", "src\BuildingBlock\EventBus\EventBus.Base\EventBus.Base.csproj", "{2CBFCC8D-5630-4B22-9358-004895D1201D}"
EndProject
Project("{9A19103F-16F7-4668-BE54-9A1E7A4F7556}") = "EventBus.Factory", "src\BuildingBlock\EventBus\EventBus.Factory\EventBus.Factory.csproj", "{C3AF3E50-D745-463F-9E95-2431809DA142}"
EndProject
Project("{9A19103F-16F7-4668-BE54-9A1E7A4F7556}") = "EventBus.AzureServiceBus", "src\BuildingBlock\EventBus\EventBus.AzureServiceBus\EventBus.AzureServiceBus.csproj", "{89FCC833-59A2-4AAF-B50E-4108048A1BFD}"
EndProject
Project("{9A19103F-16F7-4668-BE54-9A1E7A4F7556}") = "EventBus.RabbitMQ", "src\BuildingBlock\EventBus\EventBus.RabbitMQ\EventBus.RabbitMQ.csproj", "{F5AC967A-2F9A-4B49-9BCC-7FB65BFB0622}"
EndProject
Project("{2150E333-8FDC-42A3-9474-1A3956D46DE8}") = "WebApp", "WebApp", "{B00C0682-AB2D-4E00-87D4-E7569F7A2878}"
EndProject
Project("{2150E333-8FDC-42A3-9474-1A3956D46DE8}") = "BasketService", "BasketService", "{EE2CA764-4DF0-4FB7-A23C-D4029FF9DE32}"
EndProject
Project("{9A19103F-16F7-4668-BE54-9A1E7A4F7556}") = "BasketService.Api", "src\Services\BasketService\BasketService.Api\BasketService.Api.csproj", "{8725FD90-CC3A-4C9B-9947-29E49B6F3D41}"
EndProject
Project("{2150E333-8FDC-42A3-9474-1A3956D46DE8}") = "CatalogService", "CatalogService", "{6E919952-ED98-4203-A828-4F0012EC71A7}"
EndProject
Project("{9A19103F-16F7-4668-BE54-9A1E7A4F7556}") = "CatalogService.Api", "src\Services\CatalogService\CatalogService\CatalogService.Api\CatalogService.Api.csproj", "{04A3B99A-4EC3-46D3-9337-C575FA787D0D}"
EndProject
Project("{2150E333-8FDC-42A3-9474-1A3956D46DE8}") = "IdentityService", "IdentityService", "{1C0B2C7F-DCF0-4A6F-9964-CC06A96DDF12}"
EndProject
Project("{9A19103F-16F7-4668-BE54-9A1E7A4F7556}") = "IdentityService.Api", "src\Services\IdentityService\IdentityService.Api\IdentityService.Api.csproj", "{97587578-1091-4B16-BDAF-A5219EC54396}"
EndProject
Project("{2150E333-8FDC-42A3-9474-1A3956D46DE8}") = "NotificationService", "NotificationService", "{C3D41BFC-69C1-41B5-BB00-E6C1EC6F98B1}"
EndProject
Project("{9A19103F-16F7-4668-BE54-9A1E7A4F7556}") = "NotificationService", "src\Services\NotificationService\NotificationService\NotificationService.csproj", "{81638CB3-C9EA-4AD1-8314-8242DEA4F44C}"
EndProject
Project("{2150E333-8FDC-42A3-9474-1A3956D46DE8}") = "OrderService", "OrderService", "{E258F2AF-F08A-4535-9D30-3CD3C93F0FDB}"
EndProject
Project("{9A19103F-16F7-4668-BE54-9A1E7A4F7556}") = "OrderService.Infrastructure", "src\Services\OrderService\OrderService.Infrastructure\OrderService.Infrastructure.csproj", "{B030A0C1-8AD3-4868-9B9F-B65B0339C3EF}"
EndProject
Project("{9A19103F-16F7-4668-BE54-9A1E7A4F7556}") = "OrderService.Api", "src\Services\OrderService\OrderService.Api\OrderService.Api.csproj", "{6BF9A9FE-8AB6-428B-81D9-41E06E5CEDA6}"
EndProject
Project("{2150E333-8FDC-42A3-9474-1A3956D46DE8}") = "PaymentService", "PaymentService", "{91AA9F71-91F3-499A-8697-348BA9EC6027}"
EndProject
Project("{9A19103F-16F7-4668-BE54-9A1E7A4F7556}") = "PaymentService.Api", "src\Services\PaymentService\PaymentService.Api\PaymentService.Api.csproj", "{CCCC2A47-AA35-4E2A-BF8F-FA4B16511092}"
EndProject
Project("{9A19103F-16F7-4668-BE54-9A1E7A4F7556}") = "OrderService.Domain", "src\Services\OrderService\OrderService.Domain\OrderService.Domain\OrderService.Domain.csproj", "{2BBF2D56-DD1A-4B1B-907B-9CD7E95B3CA5}"
EndProject
Project("{9A19103F-16F7-4668-BE54-9A1E7A4F7556}") = "OrderService.Application", "src\Services\OrderService\OrderService.Application\OrderService.Application\OrderService.Application.csproj", "{FD8A3574-A95D-4B24-AC2E-8DC1C0D669FB}"
EndProject
Project("{2150E333-8FDC-42A3-9474-1A3956D46DE8}") = "Tests", "Tests", "{A1098D2F-3F15-41BD-A0DA-F9E9A7FE6A6D}"
EndProject
Project("{2150E333-8FDC-42A3-9474-1A3956D46DE8}") = "BuildingBlocks", "BuildingBlocks", "{A261D3A3-FF9E-42B7-8D7D-CA99CA62E1A8}"
EndProject
Project("{FAE04EC0-301F-11D3-BF4B-00C04F79EFBC}") = "EventBus.UnitTest", "Tests\BuildingBlocks\EventBus.UnitTest\EventBus.UnitTest.csproj", "{4803190B-D6B4-4D54-A97B-27BA03B79D7A}"
EndProject
Global
	GlobalSection(SolutionConfigurationPlatforms) = preSolution
		Debug|Any CPU = Debug|Any CPU
		Release|Any CPU = Release|Any CPU
	EndGlobalSection
	GlobalSection(ProjectConfigurationPlatforms) = postSolution
		{1A541A96-C6B4-4B52-A3B1-9C26EFDEA28F}.Debug|Any CPU.ActiveCfg = Debug|Any CPU
		{1A541A96-C6B4-4B52-A3B1-9C26EFDEA28F}.Debug|Any CPU.Build.0 = Debug|Any CPU
		{1A541A96-C6B4-4B52-A3B1-9C26EFDEA28F}.Release|Any CPU.ActiveCfg = Release|Any CPU
		{1A541A96-C6B4-4B52-A3B1-9C26EFDEA28F}.Release|Any CPU.Build.0 = Release|Any CPU
		{2CBFCC8D-5630-4B22-9358-004895D1201D}.Debug|Any CPU.ActiveCfg = Debug|Any CPU
		{2CBFCC8D-5630-4B22-9358-004895D1201D}.Debug|Any CPU.Build.0 = Debug|Any CPU
		{2CBFCC8D-5630-4B22-9358-004895D1201D}.Release|Any CPU.ActiveCfg = Release|Any CPU
		{2CBFCC8D-5630-4B22-9358-004895D1201D}.Release|Any CPU.Build.0 = Release|Any CPU
		{C3AF3E50-D745-463F-9E95-2431809DA142}.Debug|Any CPU.ActiveCfg = Debug|Any CPU
		{C3AF3E50-D745-463F-9E95-2431809DA142}.Debug|Any CPU.Build.0 = Debug|Any CPU
		{C3AF3E50-D745-463F-9E95-2431809DA142}.Release|Any CPU.ActiveCfg = Release|Any CPU
		{C3AF3E50-D745-463F-9E95-2431809DA142}.Release|Any CPU.Build.0 = Release|Any CPU
		{89FCC833-59A2-4AAF-B50E-4108048A1BFD}.Debug|Any CPU.ActiveCfg = Debug|Any CPU
		{89FCC833-59A2-4AAF-B50E-4108048A1BFD}.Debug|Any CPU.Build.0 = Debug|Any CPU
		{89FCC833-59A2-4AAF-B50E-4108048A1BFD}.Release|Any CPU.ActiveCfg = Release|Any CPU
		{89FCC833-59A2-4AAF-B50E-4108048A1BFD}.Release|Any CPU.Build.0 = Release|Any CPU
		{F5AC967A-2F9A-4B49-9BCC-7FB65BFB0622}.Debug|Any CPU.ActiveCfg = Debug|Any CPU
		{F5AC967A-2F9A-4B49-9BCC-7FB65BFB0622}.Debug|Any CPU.Build.0 = Debug|Any CPU
		{F5AC967A-2F9A-4B49-9BCC-7FB65BFB0622}.Release|Any CPU.ActiveCfg = Release|Any CPU
		{F5AC967A-2F9A-4B49-9BCC-7FB65BFB0622}.Release|Any CPU.Build.0 = Release|Any CPU
		{8725FD90-CC3A-4C9B-9947-29E49B6F3D41}.Debug|Any CPU.ActiveCfg = Debug|Any CPU
		{8725FD90-CC3A-4C9B-9947-29E49B6F3D41}.Debug|Any CPU.Build.0 = Debug|Any CPU
		{8725FD90-CC3A-4C9B-9947-29E49B6F3D41}.Release|Any CPU.ActiveCfg = Release|Any CPU
		{8725FD90-CC3A-4C9B-9947-29E49B6F3D41}.Release|Any CPU.Build.0 = Release|Any CPU
		{04A3B99A-4EC3-46D3-9337-C575FA787D0D}.Debug|Any CPU.ActiveCfg = Debug|Any CPU
		{04A3B99A-4EC3-46D3-9337-C575FA787D0D}.Debug|Any CPU.Build.0 = Debug|Any CPU
		{04A3B99A-4EC3-46D3-9337-C575FA787D0D}.Release|Any CPU.ActiveCfg = Release|Any CPU
		{04A3B99A-4EC3-46D3-9337-C575FA787D0D}.Release|Any CPU.Build.0 = Release|Any CPU
		{97587578-1091-4B16-BDAF-A5219EC54396}.Debug|Any CPU.ActiveCfg = Debug|Any CPU
		{97587578-1091-4B16-BDAF-A5219EC54396}.Debug|Any CPU.Build.0 = Debug|Any CPU
		{97587578-1091-4B16-BDAF-A5219EC54396}.Release|Any CPU.ActiveCfg = Release|Any CPU
		{97587578-1091-4B16-BDAF-A5219EC54396}.Release|Any CPU.Build.0 = Release|Any CPU
		{81638CB3-C9EA-4AD1-8314-8242DEA4F44C}.Debug|Any CPU.ActiveCfg = Debug|Any CPU
		{81638CB3-C9EA-4AD1-8314-8242DEA4F44C}.Debug|Any CPU.Build.0 = Debug|Any CPU
		{81638CB3-C9EA-4AD1-8314-8242DEA4F44C}.Release|Any CPU.ActiveCfg = Release|Any CPU
		{81638CB3-C9EA-4AD1-8314-8242DEA4F44C}.Release|Any CPU.Build.0 = Release|Any CPU
		{B030A0C1-8AD3-4868-9B9F-B65B0339C3EF}.Debug|Any CPU.ActiveCfg = Debug|Any CPU
		{B030A0C1-8AD3-4868-9B9F-B65B0339C3EF}.Debug|Any CPU.Build.0 = Debug|Any CPU
		{B030A0C1-8AD3-4868-9B9F-B65B0339C3EF}.Release|Any CPU.ActiveCfg = Release|Any CPU
		{B030A0C1-8AD3-4868-9B9F-B65B0339C3EF}.Release|Any CPU.Build.0 = Release|Any CPU
		{6BF9A9FE-8AB6-428B-81D9-41E06E5CEDA6}.Debug|Any CPU.ActiveCfg = Debug|Any CPU
		{6BF9A9FE-8AB6-428B-81D9-41E06E5CEDA6}.Debug|Any CPU.Build.0 = Debug|Any CPU
		{6BF9A9FE-8AB6-428B-81D9-41E06E5CEDA6}.Release|Any CPU.ActiveCfg = Release|Any CPU
		{6BF9A9FE-8AB6-428B-81D9-41E06E5CEDA6}.Release|Any CPU.Build.0 = Release|Any CPU
		{CCCC2A47-AA35-4E2A-BF8F-FA4B16511092}.Debug|Any CPU.ActiveCfg = Debug|Any CPU
		{CCCC2A47-AA35-4E2A-BF8F-FA4B16511092}.Debug|Any CPU.Build.0 = Debug|Any CPU
		{CCCC2A47-AA35-4E2A-BF8F-FA4B16511092}.Release|Any CPU.ActiveCfg = Release|Any CPU
		{CCCC2A47-AA35-4E2A-BF8F-FA4B16511092}.Release|Any CPU.Build.0 = Release|Any CPU
		{2BBF2D56-DD1A-4B1B-907B-9CD7E95B3CA5}.Debug|Any CPU.ActiveCfg = Debug|Any CPU
		{2BBF2D56-DD1A-4B1B-907B-9CD7E95B3CA5}.Debug|Any CPU.Build.0 = Debug|Any CPU
		{2BBF2D56-DD1A-4B1B-907B-9CD7E95B3CA5}.Release|Any CPU.ActiveCfg = Release|Any CPU
		{2BBF2D56-DD1A-4B1B-907B-9CD7E95B3CA5}.Release|Any CPU.Build.0 = Release|Any CPU
		{FD8A3574-A95D-4B24-AC2E-8DC1C0D669FB}.Debug|Any CPU.ActiveCfg = Debug|Any CPU
		{FD8A3574-A95D-4B24-AC2E-8DC1C0D669FB}.Debug|Any CPU.Build.0 = Debug|Any CPU
		{FD8A3574-A95D-4B24-AC2E-8DC1C0D669FB}.Release|Any CPU.ActiveCfg = Release|Any CPU
		{FD8A3574-A95D-4B24-AC2E-8DC1C0D669FB}.Release|Any CPU.Build.0 = Release|Any CPU
		{4803190B-D6B4-4D54-A97B-27BA03B79D7A}.Debug|Any CPU.ActiveCfg = Debug|Any CPU
		{4803190B-D6B4-4D54-A97B-27BA03B79D7A}.Debug|Any CPU.Build.0 = Debug|Any CPU
		{4803190B-D6B4-4D54-A97B-27BA03B79D7A}.Release|Any CPU.ActiveCfg = Release|Any CPU
		{4803190B-D6B4-4D54-A97B-27BA03B79D7A}.Release|Any CPU.Build.0 = Release|Any CPU
	EndGlobalSection
	GlobalSection(SolutionProperties) = preSolution
		HideSolutionNode = FALSE
	EndGlobalSection
	GlobalSection(NestedProjects) = preSolution
		{2FB01834-3821-4F4F-8ABE-193DB20FAAC6} = {7D608EB8-5682-4D8F-8D22-911E13A0724C}
		{2AFD598E-FA49-44C9-907F-48B877B42141} = {7D608EB8-5682-4D8F-8D22-911E13A0724C}
		{8B158933-935D-4D68-A886-D13FAF957FEC} = {7D608EB8-5682-4D8F-8D22-911E13A0724C}
		{46486621-CFC0-46BF-B850-DD2C0EBC46CA} = {7D608EB8-5682-4D8F-8D22-911E13A0724C}
		{90AFE3C9-D217-4921-8856-EB7DDF9E72CA} = {2FB01834-3821-4F4F-8ABE-193DB20FAAC6}
		{1A541A96-C6B4-4B52-A3B1-9C26EFDEA28F} = {90AFE3C9-D217-4921-8856-EB7DDF9E72CA}
		{4A33CC84-C82B-4C5D-A1D4-FB90FEE38EAD} = {2AFD598E-FA49-44C9-907F-48B877B42141}
		{2CBFCC8D-5630-4B22-9358-004895D1201D} = {4A33CC84-C82B-4C5D-A1D4-FB90FEE38EAD}
		{C3AF3E50-D745-463F-9E95-2431809DA142} = {4A33CC84-C82B-4C5D-A1D4-FB90FEE38EAD}
		{89FCC833-59A2-4AAF-B50E-4108048A1BFD} = {4A33CC84-C82B-4C5D-A1D4-FB90FEE38EAD}
		{F5AC967A-2F9A-4B49-9BCC-7FB65BFB0622} = {4A33CC84-C82B-4C5D-A1D4-FB90FEE38EAD}
		{B00C0682-AB2D-4E00-87D4-E7569F7A2878} = {8B158933-935D-4D68-A886-D13FAF957FEC}
		{EE2CA764-4DF0-4FB7-A23C-D4029FF9DE32} = {46486621-CFC0-46BF-B850-DD2C0EBC46CA}
		{8725FD90-CC3A-4C9B-9947-29E49B6F3D41} = {EE2CA764-4DF0-4FB7-A23C-D4029FF9DE32}
		{6E919952-ED98-4203-A828-4F0012EC71A7} = {46486621-CFC0-46BF-B850-DD2C0EBC46CA}
		{04A3B99A-4EC3-46D3-9337-C575FA787D0D} = {6E919952-ED98-4203-A828-4F0012EC71A7}
		{1C0B2C7F-DCF0-4A6F-9964-CC06A96DDF12} = {46486621-CFC0-46BF-B850-DD2C0EBC46CA}
		{97587578-1091-4B16-BDAF-A5219EC54396} = {1C0B2C7F-DCF0-4A6F-9964-CC06A96DDF12}
		{C3D41BFC-69C1-41B5-BB00-E6C1EC6F98B1} = {46486621-CFC0-46BF-B850-DD2C0EBC46CA}
		{81638CB3-C9EA-4AD1-8314-8242DEA4F44C} = {C3D41BFC-69C1-41B5-BB00-E6C1EC6F98B1}
		{E258F2AF-F08A-4535-9D30-3CD3C93F0FDB} = {46486621-CFC0-46BF-B850-DD2C0EBC46CA}
		{B030A0C1-8AD3-4868-9B9F-B65B0339C3EF} = {E258F2AF-F08A-4535-9D30-3CD3C93F0FDB}
		{6BF9A9FE-8AB6-428B-81D9-41E06E5CEDA6} = {E258F2AF-F08A-4535-9D30-3CD3C93F0FDB}
		{91AA9F71-91F3-499A-8697-348BA9EC6027} = {46486621-CFC0-46BF-B850-DD2C0EBC46CA}
		{CCCC2A47-AA35-4E2A-BF8F-FA4B16511092} = {91AA9F71-91F3-499A-8697-348BA9EC6027}
		{2BBF2D56-DD1A-4B1B-907B-9CD7E95B3CA5} = {E258F2AF-F08A-4535-9D30-3CD3C93F0FDB}
		{FD8A3574-A95D-4B24-AC2E-8DC1C0D669FB} = {E258F2AF-F08A-4535-9D30-3CD3C93F0FDB}
		{A261D3A3-FF9E-42B7-8D7D-CA99CA62E1A8} = {A1098D2F-3F15-41BD-A0DA-F9E9A7FE6A6D}
		{4803190B-D6B4-4D54-A97B-27BA03B79D7A} = {A261D3A3-FF9E-42B7-8D7D-CA99CA62E1A8}
	EndGlobalSection
	GlobalSection(ExtensibilityGlobals) = postSolution
		SolutionGuid = {1B6CD6E6-1079-437E-8719-4C55B49966EB}
	EndGlobalSection
EndGlobal
